// !$*UTF8*$!
{
	archiveVersion = 1;
	classes = {
	};
	objectVersion = 56;
	objects = {

/* Begin PBXBuildFile section */
		6F24806A29B1A0B000F2DAA2 /* SecondHandApp.swift in Sources */ = {isa = PBXBuildFile; fileRef = 6F24806929B1A0B000F2DAA2 /* SecondHandApp.swift */; };
		6F24806C29B1A0B000F2DAA2 /* ContentView.swift in Sources */ = {isa = PBXBuildFile; fileRef = 6F24806B29B1A0B000F2DAA2 /* ContentView.swift */; };
		6F24806E29B1A0B100F2DAA2 /* Assets.xcassets in Resources */ = {isa = PBXBuildFile; fileRef = 6F24806D29B1A0B100F2DAA2 /* Assets.xcassets */; };
		6F24807129B1A0B100F2DAA2 /* Preview Assets.xcassets in Resources */ = {isa = PBXBuildFile; fileRef = 6F24807029B1A0B100F2DAA2 /* Preview Assets.xcassets */; };
		6F24807B29B1A11E00F2DAA2 /* ApplicationMonitor.swift in Sources */ = {isa = PBXBuildFile; fileRef = 6F24807829B1A11E00F2DAA2 /* ApplicationMonitor.swift */; };
		6F24807C29B1A11E00F2DAA2 /* BackgroundFileUpdaterController.swift in Sources */ = {isa = PBXBuildFile; fileRef = 6F24807929B1A11E00F2DAA2 /* BackgroundFileUpdaterController.swift */; };
		6F24807D29B1A11E00F2DAA2 /* LocationManager.swift in Sources */ = {isa = PBXBuildFile; fileRef = 6F24807A29B1A11E00F2DAA2 /* LocationManager.swift */; };
		6F24808B29B1A29100F2DAA2 /* StatusSetter16_1.m in Sources */ = {isa = PBXBuildFile; fileRef = 6F24808029B1A29100F2DAA2 /* StatusSetter16_1.m */; };
		6F24808C29B1A29100F2DAA2 /* StatusManager.m in Sources */ = {isa = PBXBuildFile; fileRef = 6F24808129B1A29100F2DAA2 /* StatusManager.m */; };
		6F24808D29B1A29100F2DAA2 /* StatusSetter14.m in Sources */ = {isa = PBXBuildFile; fileRef = 6F24808329B1A29100F2DAA2 /* StatusSetter14.m */; };
		6F24808E29B1A29100F2DAA2 /* StatusSetter15.m in Sources */ = {isa = PBXBuildFile; fileRef = 6F24808429B1A29100F2DAA2 /* StatusSetter15.m */; };
		6F24808F29B1A29100F2DAA2 /* StatusSetter16.m in Sources */ = {isa = PBXBuildFile; fileRef = 6F24808829B1A29100F2DAA2 /* StatusSetter16.m */; };
		6F24809129B1A41700F2DAA2 /* AppDelegate.swift in Sources */ = {isa = PBXBuildFile; fileRef = 6F24809029B1A41700F2DAA2 /* AppDelegate.swift */; };
		6F24809929B1A55700F2DAA2 /* vm_unaligned_copy_switch_race.c in Sources */ = {isa = PBXBuildFile; fileRef = 6F24809329B1A55700F2DAA2 /* vm_unaligned_copy_switch_race.c */; };
		6F24809A29B1A55700F2DAA2 /* helpers.m in Sources */ = {isa = PBXBuildFile; fileRef = 6F24809629B1A55700F2DAA2 /* helpers.m */; };
		6F24809B29B1A55700F2DAA2 /* grant_full_disk_access.m in Sources */ = {isa = PBXBuildFile; fileRef = 6F24809729B1A55700F2DAA2 /* grant_full_disk_access.m */; };
		6F24809F29B1A7CA00F2DAA2 /* SecondHand.entitlements in Resources */ = {isa = PBXBuildFile; fileRef = 6F24809E29B1A7C900F2DAA2 /* SecondHand.entitlements */; };
		6F2480A329B2812500F2DAA2 /* Alert++.swift in Sources */ = {isa = PBXBuildFile; fileRef = 6F2480A229B2812500F2DAA2 /* Alert++.swift */; };
		6F2480A529B2813600F2DAA2 /* String++.swift in Sources */ = {isa = PBXBuildFile; fileRef = 6F2480A429B2813600F2DAA2 /* String++.swift */; };
/* End PBXBuildFile section */

/* Begin PBXFileReference section */
		6F24806629B1A0B000F2DAA2 /* SecondHand.app */ = {isa = PBXFileReference; explicitFileType = wrapper.application; includeInIndex = 0; path = SecondHand.app; sourceTree = BUILT_PRODUCTS_DIR; };
		6F24806929B1A0B000F2DAA2 /* SecondHandApp.swift */ = {isa = PBXFileReference; lastKnownFileType = sourcecode.swift; path = SecondHandApp.swift; sourceTree = "<group>"; };
		6F24806B29B1A0B000F2DAA2 /* ContentView.swift */ = {isa = PBXFileReference; lastKnownFileType = sourcecode.swift; path = ContentView.swift; sourceTree = "<group>"; };
		6F24806D29B1A0B100F2DAA2 /* Assets.xcassets */ = {isa = PBXFileReference; lastKnownFileType = folder.assetcatalog; path = Assets.xcassets; sourceTree = "<group>"; };
		6F24807029B1A0B100F2DAA2 /* Preview Assets.xcassets */ = {isa = PBXFileReference; lastKnownFileType = folder.assetcatalog; path = "Preview Assets.xcassets"; sourceTree = "<group>"; };
		6F24807829B1A11E00F2DAA2 /* ApplicationMonitor.swift */ = {isa = PBXFileReference; fileEncoding = 4; lastKnownFileType = sourcecode.swift; path = ApplicationMonitor.swift; sourceTree = "<group>"; };
		6F24807929B1A11E00F2DAA2 /* BackgroundFileUpdaterController.swift */ = {isa = PBXFileReference; fileEncoding = 4; lastKnownFileType = sourcecode.swift; path = BackgroundFileUpdaterController.swift; sourceTree = "<group>"; };
		6F24807A29B1A11E00F2DAA2 /* LocationManager.swift */ = {isa = PBXFileReference; fileEncoding = 4; lastKnownFileType = sourcecode.swift; path = LocationManager.swift; sourceTree = "<group>"; };
		6F24807F29B1A29000F2DAA2 /* SecondHand-Bridging-Header.h */ = {isa = PBXFileReference; lastKnownFileType = sourcecode.c.h; path = "SecondHand-Bridging-Header.h"; sourceTree = "<group>"; };
		6F24808029B1A29100F2DAA2 /* StatusSetter16_1.m */ = {isa = PBXFileReference; fileEncoding = 4; lastKnownFileType = sourcecode.c.objc; path = StatusSetter16_1.m; sourceTree = "<group>"; };
		6F24808129B1A29100F2DAA2 /* StatusManager.m */ = {isa = PBXFileReference; fileEncoding = 4; lastKnownFileType = sourcecode.c.objc; path = StatusManager.m; sourceTree = "<group>"; };
		6F24808229B1A29100F2DAA2 /* StatusSetter14.h */ = {isa = PBXFileReference; fileEncoding = 4; lastKnownFileType = sourcecode.c.h; path = StatusSetter14.h; sourceTree = "<group>"; };
		6F24808329B1A29100F2DAA2 /* StatusSetter14.m */ = {isa = PBXFileReference; fileEncoding = 4; lastKnownFileType = sourcecode.c.objc; path = StatusSetter14.m; sourceTree = "<group>"; };
		6F24808429B1A29100F2DAA2 /* StatusSetter15.m */ = {isa = PBXFileReference; fileEncoding = 4; lastKnownFileType = sourcecode.c.objc; path = StatusSetter15.m; sourceTree = "<group>"; };
		6F24808529B1A29100F2DAA2 /* StatusSetter.h */ = {isa = PBXFileReference; fileEncoding = 4; lastKnownFileType = sourcecode.c.h; path = StatusSetter.h; sourceTree = "<group>"; };
		6F24808629B1A29100F2DAA2 /* StatusSetter16_1.h */ = {isa = PBXFileReference; fileEncoding = 4; lastKnownFileType = sourcecode.c.h; path = StatusSetter16_1.h; sourceTree = "<group>"; };
		6F24808729B1A29100F2DAA2 /* StatusSetter16.h */ = {isa = PBXFileReference; fileEncoding = 4; lastKnownFileType = sourcecode.c.h; path = StatusSetter16.h; sourceTree = "<group>"; };
		6F24808829B1A29100F2DAA2 /* StatusSetter16.m */ = {isa = PBXFileReference; fileEncoding = 4; lastKnownFileType = sourcecode.c.objc; path = StatusSetter16.m; sourceTree = "<group>"; };
		6F24808929B1A29100F2DAA2 /* StatusSetter15.h */ = {isa = PBXFileReference; fileEncoding = 4; lastKnownFileType = sourcecode.c.h; path = StatusSetter15.h; sourceTree = "<group>"; };
		6F24808A29B1A29100F2DAA2 /* StatusManager.h */ = {isa = PBXFileReference; fileEncoding = 4; lastKnownFileType = sourcecode.c.h; path = StatusManager.h; sourceTree = "<group>"; };
		6F24809029B1A41700F2DAA2 /* AppDelegate.swift */ = {isa = PBXFileReference; lastKnownFileType = sourcecode.swift; path = AppDelegate.swift; sourceTree = "<group>"; };
		6F24809329B1A55700F2DAA2 /* vm_unaligned_copy_switch_race.c */ = {isa = PBXFileReference; fileEncoding = 4; lastKnownFileType = sourcecode.c.c; path = vm_unaligned_copy_switch_race.c; sourceTree = "<group>"; };
		6F24809429B1A55700F2DAA2 /* vm_unaligned_copy_switch_race.h */ = {isa = PBXFileReference; fileEncoding = 4; lastKnownFileType = sourcecode.c.h; path = vm_unaligned_copy_switch_race.h; sourceTree = "<group>"; };
		6F24809529B1A55700F2DAA2 /* grant_full_disk_access.h */ = {isa = PBXFileReference; fileEncoding = 4; lastKnownFileType = sourcecode.c.h; path = grant_full_disk_access.h; sourceTree = "<group>"; };
		6F24809629B1A55700F2DAA2 /* helpers.m */ = {isa = PBXFileReference; fileEncoding = 4; lastKnownFileType = sourcecode.c.objc; path = helpers.m; sourceTree = "<group>"; };
		6F24809729B1A55700F2DAA2 /* grant_full_disk_access.m */ = {isa = PBXFileReference; fileEncoding = 4; lastKnownFileType = sourcecode.c.objc; path = grant_full_disk_access.m; sourceTree = "<group>"; };
		6F24809829B1A55700F2DAA2 /* helpers.h */ = {isa = PBXFileReference; fileEncoding = 4; lastKnownFileType = sourcecode.c.h; path = helpers.h; sourceTree = "<group>"; };
		6F24809E29B1A7C900F2DAA2 /* SecondHand.entitlements */ = {isa = PBXFileReference; fileEncoding = 4; lastKnownFileType = text.plist.entitlements; path = SecondHand.entitlements; sourceTree = "<group>"; };
		6F2480A029B2298200F2DAA2 /* Info.plist */ = {isa = PBXFileReference; lastKnownFileType = text.plist; path = Info.plist; sourceTree = "<group>"; };
		6F2480A229B2812500F2DAA2 /* Alert++.swift */ = {isa = PBXFileReference; lastKnownFileType = sourcecode.swift; path = "Alert++.swift"; sourceTree = "<group>"; };
		6F2480A429B2813600F2DAA2 /* String++.swift */ = {isa = PBXFileReference; lastKnownFileType = sourcecode.swift; path = "String++.swift"; sourceTree = "<group>"; };
/* End PBXFileReference section */

/* Begin PBXFrameworksBuildPhase section */
		6F24806329B1A0B000F2DAA2 /* Frameworks */ = {
			isa = PBXFrameworksBuildPhase;
			buildActionMask = 2147483647;
			files = (
			);
			runOnlyForDeploymentPostprocessing = 0;
		};
/* End PBXFrameworksBuildPhase section */

/* Begin PBXGroup section */
		6F24805D29B1A0B000F2DAA2 = {
			isa = PBXGroup;
			children = (
				6F24806829B1A0B000F2DAA2 /* SecondHand */,
				6F24806729B1A0B000F2DAA2 /* Products */,
			);
			sourceTree = "<group>";
		};
		6F24806729B1A0B000F2DAA2 /* Products */ = {
			isa = PBXGroup;
			children = (
				6F24806629B1A0B000F2DAA2 /* SecondHand.app */,
			);
			name = Products;
			sourceTree = "<group>";
		};
		6F24806829B1A0B000F2DAA2 /* SecondHand */ = {
			isa = PBXGroup;
			children = (
				6F24807729B1A0E900F2DAA2 /* Controllers */,
				6F2480A129B2810300F2DAA2 /* Extensions */,
				6F24809229B1A52B00F2DAA2 /* MDC */,
				6F24807E29B1A28300F2DAA2 /* StatusMagic */,
				6F2480A029B2298200F2DAA2 /* Info.plist */,
				6F24809E29B1A7C900F2DAA2 /* SecondHand.entitlements */,
				6F24807F29B1A29000F2DAA2 /* SecondHand-Bridging-Header.h */,
				6F24806929B1A0B000F2DAA2 /* SecondHandApp.swift */,
				6F24806B29B1A0B000F2DAA2 /* ContentView.swift */,
				6F24806D29B1A0B100F2DAA2 /* Assets.xcassets */,
				6F24806F29B1A0B100F2DAA2 /* Preview Content */,
				6F24809029B1A41700F2DAA2 /* AppDelegate.swift */,
			);
			path = SecondHand;
			sourceTree = "<group>";
		};
		6F24806F29B1A0B100F2DAA2 /* Preview Content */ = {
			isa = PBXGroup;
			children = (
				6F24807029B1A0B100F2DAA2 /* Preview Assets.xcassets */,
			);
			path = "Preview Content";
			sourceTree = "<group>";
		};
		6F24807729B1A0E900F2DAA2 /* Controllers */ = {
			isa = PBXGroup;
			children = (
				6F24807829B1A11E00F2DAA2 /* ApplicationMonitor.swift */,
				6F24807929B1A11E00F2DAA2 /* BackgroundFileUpdaterController.swift */,
				6F24807A29B1A11E00F2DAA2 /* LocationManager.swift */,
			);
			path = Controllers;
			sourceTree = "<group>";
		};
		6F24807E29B1A28300F2DAA2 /* StatusMagic */ = {
			isa = PBXGroup;
			children = (
				6F24808A29B1A29100F2DAA2 /* StatusManager.h */,
				6F24808129B1A29100F2DAA2 /* StatusManager.m */,
				6F24808529B1A29100F2DAA2 /* StatusSetter.h */,
				6F24808229B1A29100F2DAA2 /* StatusSetter14.h */,
				6F24808329B1A29100F2DAA2 /* StatusSetter14.m */,
				6F24808929B1A29100F2DAA2 /* StatusSetter15.h */,
				6F24808429B1A29100F2DAA2 /* StatusSetter15.m */,
				6F24808629B1A29100F2DAA2 /* StatusSetter16_1.h */,
				6F24808029B1A29100F2DAA2 /* StatusSetter16_1.m */,
				6F24808729B1A29100F2DAA2 /* StatusSetter16.h */,
				6F24808829B1A29100F2DAA2 /* StatusSetter16.m */,
			);
			path = StatusMagic;
			sourceTree = "<group>";
		};
		6F24809229B1A52B00F2DAA2 /* MDC */ = {
			isa = PBXGroup;
			children = (
				6F24809529B1A55700F2DAA2 /* grant_full_disk_access.h */,
				6F24809729B1A55700F2DAA2 /* grant_full_disk_access.m */,
				6F24809829B1A55700F2DAA2 /* helpers.h */,
				6F24809629B1A55700F2DAA2 /* helpers.m */,
				6F24809329B1A55700F2DAA2 /* vm_unaligned_copy_switch_race.c */,
				6F24809429B1A55700F2DAA2 /* vm_unaligned_copy_switch_race.h */,
			);
			path = MDC;
			sourceTree = "<group>";
		};
		6F2480A129B2810300F2DAA2 /* Extensions */ = {
			isa = PBXGroup;
			children = (
				6F2480A229B2812500F2DAA2 /* Alert++.swift */,
				6F2480A429B2813600F2DAA2 /* String++.swift */,
			);
			path = Extensions;
			sourceTree = "<group>";
		};
/* End PBXGroup section */

/* Begin PBXNativeTarget section */
		6F24806529B1A0B000F2DAA2 /* SecondHand */ = {
			isa = PBXNativeTarget;
			buildConfigurationList = 6F24807429B1A0B100F2DAA2 /* Build configuration list for PBXNativeTarget "SecondHand" */;
			buildPhases = (
				6F24806229B1A0B000F2DAA2 /* Sources */,
				6F24806329B1A0B000F2DAA2 /* Frameworks */,
				6F24806429B1A0B000F2DAA2 /* Resources */,
			);
			buildRules = (
			);
			dependencies = (
			);
			name = SecondHand;
			productName = SecondHand;
			productReference = 6F24806629B1A0B000F2DAA2 /* SecondHand.app */;
			productType = "com.apple.product-type.application";
		};
/* End PBXNativeTarget section */

/* Begin PBXProject section */
		6F24805E29B1A0B000F2DAA2 /* Project object */ = {
			isa = PBXProject;
			attributes = {
				BuildIndependentTargetsInParallel = 1;
				LastSwiftUpdateCheck = 1420;
				LastUpgradeCheck = 1420;
				TargetAttributes = {
					6F24806529B1A0B000F2DAA2 = {
						CreatedOnToolsVersion = 14.2;
						LastSwiftMigration = 1420;
					};
				};
			};
			buildConfigurationList = 6F24806129B1A0B000F2DAA2 /* Build configuration list for PBXProject "SecondHand" */;
			compatibilityVersion = "Xcode 14.0";
			developmentRegion = en;
			hasScannedForEncodings = 0;
			knownRegions = (
				en,
				Base,
			);
			mainGroup = 6F24805D29B1A0B000F2DAA2;
			productRefGroup = 6F24806729B1A0B000F2DAA2 /* Products */;
			projectDirPath = "";
			projectRoot = "";
			targets = (
				6F24806529B1A0B000F2DAA2 /* SecondHand */,
			);
		};
/* End PBXProject section */

/* Begin PBXResourcesBuildPhase section */
		6F24806429B1A0B000F2DAA2 /* Resources */ = {
			isa = PBXResourcesBuildPhase;
			buildActionMask = 2147483647;
			files = (
				6F24809F29B1A7CA00F2DAA2 /* SecondHand.entitlements in Resources */,
				6F24807129B1A0B100F2DAA2 /* Preview Assets.xcassets in Resources */,
				6F24806E29B1A0B100F2DAA2 /* Assets.xcassets in Resources */,
			);
			runOnlyForDeploymentPostprocessing = 0;
		};
/* End PBXResourcesBuildPhase section */

/* Begin PBXSourcesBuildPhase section */
		6F24806229B1A0B000F2DAA2 /* Sources */ = {
			isa = PBXSourcesBuildPhase;
			buildActionMask = 2147483647;
			files = (
				6F24809129B1A41700F2DAA2 /* AppDelegate.swift in Sources */,
				6F24806C29B1A0B000F2DAA2 /* ContentView.swift in Sources */,
				6F24809929B1A55700F2DAA2 /* vm_unaligned_copy_switch_race.c in Sources */,
				6F24808C29B1A29100F2DAA2 /* StatusManager.m in Sources */,
				6F24807C29B1A11E00F2DAA2 /* BackgroundFileUpdaterController.swift in Sources */,
				6F24808F29B1A29100F2DAA2 /* StatusSetter16.m in Sources */,
				6F2480A529B2813600F2DAA2 /* String++.swift in Sources */,
				6F24809A29B1A55700F2DAA2 /* helpers.m in Sources */,
				6F24808E29B1A29100F2DAA2 /* StatusSetter15.m in Sources */,
				6F24808D29B1A29100F2DAA2 /* StatusSetter14.m in Sources */,
				6F24807D29B1A11E00F2DAA2 /* LocationManager.swift in Sources */,
				6F2480A329B2812500F2DAA2 /* Alert++.swift in Sources */,
				6F24809B29B1A55700F2DAA2 /* grant_full_disk_access.m in Sources */,
				6F24808B29B1A29100F2DAA2 /* StatusSetter16_1.m in Sources */,
				6F24807B29B1A11E00F2DAA2 /* ApplicationMonitor.swift in Sources */,
				6F24806A29B1A0B000F2DAA2 /* SecondHandApp.swift in Sources */,
			);
			runOnlyForDeploymentPostprocessing = 0;
		};
/* End PBXSourcesBuildPhase section */

/* Begin XCBuildConfiguration section */
		6F24807229B1A0B100F2DAA2 /* Debug */ = {
			isa = XCBuildConfiguration;
			buildSettings = {
				ALWAYS_SEARCH_USER_PATHS = NO;
				CLANG_ANALYZER_NONNULL = YES;
				CLANG_ANALYZER_NUMBER_OBJECT_CONVERSION = YES_AGGRESSIVE;
				CLANG_CXX_LANGUAGE_STANDARD = "gnu++20";
				CLANG_ENABLE_MODULES = YES;
				CLANG_ENABLE_OBJC_ARC = YES;
				CLANG_ENABLE_OBJC_WEAK = YES;
				CLANG_WARN_BLOCK_CAPTURE_AUTORELEASING = YES;
				CLANG_WARN_BOOL_CONVERSION = YES;
				CLANG_WARN_COMMA = YES;
				CLANG_WARN_CONSTANT_CONVERSION = YES;
				CLANG_WARN_DEPRECATED_OBJC_IMPLEMENTATIONS = YES;
				CLANG_WARN_DIRECT_OBJC_ISA_USAGE = YES_ERROR;
				CLANG_WARN_DOCUMENTATION_COMMENTS = YES;
				CLANG_WARN_EMPTY_BODY = YES;
				CLANG_WARN_ENUM_CONVERSION = YES;
				CLANG_WARN_INFINITE_RECURSION = YES;
				CLANG_WARN_INT_CONVERSION = YES;
				CLANG_WARN_NON_LITERAL_NULL_CONVERSION = YES;
				CLANG_WARN_OBJC_IMPLICIT_RETAIN_SELF = YES;
				CLANG_WARN_OBJC_LITERAL_CONVERSION = YES;
				CLANG_WARN_OBJC_ROOT_CLASS = YES_ERROR;
				CLANG_WARN_QUOTED_INCLUDE_IN_FRAMEWORK_HEADER = YES;
				CLANG_WARN_RANGE_LOOP_ANALYSIS = YES;
				CLANG_WARN_STRICT_PROTOTYPES = YES;
				CLANG_WARN_SUSPICIOUS_MOVE = YES;
				CLANG_WARN_UNGUARDED_AVAILABILITY = YES_AGGRESSIVE;
				CLANG_WARN_UNREACHABLE_CODE = YES;
				CLANG_WARN__DUPLICATE_METHOD_MATCH = YES;
				COPY_PHASE_STRIP = NO;
				DEBUG_INFORMATION_FORMAT = dwarf;
				ENABLE_STRICT_OBJC_MSGSEND = YES;
				ENABLE_TESTABILITY = YES;
				GCC_C_LANGUAGE_STANDARD = gnu11;
				GCC_DYNAMIC_NO_PIC = NO;
				GCC_NO_COMMON_BLOCKS = YES;
				GCC_OPTIMIZATION_LEVEL = 0;
				GCC_PREPROCESSOR_DEFINITIONS = (
					"DEBUG=1",
					"$(inherited)",
				);
				GCC_WARN_64_TO_32_BIT_CONVERSION = YES;
				GCC_WARN_ABOUT_RETURN_TYPE = YES_ERROR;
				GCC_WARN_UNDECLARED_SELECTOR = YES;
				GCC_WARN_UNINITIALIZED_AUTOS = YES_AGGRESSIVE;
				GCC_WARN_UNUSED_FUNCTION = YES;
				GCC_WARN_UNUSED_VARIABLE = YES;
				IPHONEOS_DEPLOYMENT_TARGET = 16.2;
				MTL_ENABLE_DEBUG_INFO = INCLUDE_SOURCE;
				MTL_FAST_MATH = YES;
				ONLY_ACTIVE_ARCH = YES;
				SDKROOT = iphoneos;
				SWIFT_ACTIVE_COMPILATION_CONDITIONS = DEBUG;
				SWIFT_OBJC_BRIDGING_HEADER = "SecondHand/SecondHand-Bridging-Header.h";
				SWIFT_OPTIMIZATION_LEVEL = "-Onone";
			};
			name = Debug;
		};
		6F24807329B1A0B100F2DAA2 /* Release */ = {
			isa = XCBuildConfiguration;
			buildSettings = {
				ALWAYS_SEARCH_USER_PATHS = NO;
				CLANG_ANALYZER_NONNULL = YES;
				CLANG_ANALYZER_NUMBER_OBJECT_CONVERSION = YES_AGGRESSIVE;
				CLANG_CXX_LANGUAGE_STANDARD = "gnu++20";
				CLANG_ENABLE_MODULES = YES;
				CLANG_ENABLE_OBJC_ARC = YES;
				CLANG_ENABLE_OBJC_WEAK = YES;
				CLANG_WARN_BLOCK_CAPTURE_AUTORELEASING = YES;
				CLANG_WARN_BOOL_CONVERSION = YES;
				CLANG_WARN_COMMA = YES;
				CLANG_WARN_CONSTANT_CONVERSION = YES;
				CLANG_WARN_DEPRECATED_OBJC_IMPLEMENTATIONS = YES;
				CLANG_WARN_DIRECT_OBJC_ISA_USAGE = YES_ERROR;
				CLANG_WARN_DOCUMENTATION_COMMENTS = YES;
				CLANG_WARN_EMPTY_BODY = YES;
				CLANG_WARN_ENUM_CONVERSION = YES;
				CLANG_WARN_INFINITE_RECURSION = YES;
				CLANG_WARN_INT_CONVERSION = YES;
				CLANG_WARN_NON_LITERAL_NULL_CONVERSION = YES;
				CLANG_WARN_OBJC_IMPLICIT_RETAIN_SELF = YES;
				CLANG_WARN_OBJC_LITERAL_CONVERSION = YES;
				CLANG_WARN_OBJC_ROOT_CLASS = YES_ERROR;
				CLANG_WARN_QUOTED_INCLUDE_IN_FRAMEWORK_HEADER = YES;
				CLANG_WARN_RANGE_LOOP_ANALYSIS = YES;
				CLANG_WARN_STRICT_PROTOTYPES = YES;
				CLANG_WARN_SUSPICIOUS_MOVE = YES;
				CLANG_WARN_UNGUARDED_AVAILABILITY = YES_AGGRESSIVE;
				CLANG_WARN_UNREACHABLE_CODE = YES;
				CLANG_WARN__DUPLICATE_METHOD_MATCH = YES;
				COPY_PHASE_STRIP = NO;
				DEBUG_INFORMATION_FORMAT = "dwarf-with-dsym";
				ENABLE_NS_ASSERTIONS = NO;
				ENABLE_STRICT_OBJC_MSGSEND = YES;
				GCC_C_LANGUAGE_STANDARD = gnu11;
				GCC_NO_COMMON_BLOCKS = YES;
				GCC_WARN_64_TO_32_BIT_CONVERSION = YES;
				GCC_WARN_ABOUT_RETURN_TYPE = YES_ERROR;
				GCC_WARN_UNDECLARED_SELECTOR = YES;
				GCC_WARN_UNINITIALIZED_AUTOS = YES_AGGRESSIVE;
				GCC_WARN_UNUSED_FUNCTION = YES;
				GCC_WARN_UNUSED_VARIABLE = YES;
				IPHONEOS_DEPLOYMENT_TARGET = 16.2;
				MTL_ENABLE_DEBUG_INFO = NO;
				MTL_FAST_MATH = YES;
				SDKROOT = iphoneos;
				SWIFT_COMPILATION_MODE = wholemodule;
				SWIFT_OBJC_BRIDGING_HEADER = "SecondHand/SecondHand-Bridging-Header.h";
				SWIFT_OPTIMIZATION_LEVEL = "-O";
				VALIDATE_PRODUCT = YES;
			};
			name = Release;
		};
		6F24807529B1A0B100F2DAA2 /* Debug */ = {
			isa = XCBuildConfiguration;
			buildSettings = {
				ASSETCATALOG_COMPILER_APPICON_NAME = AppIcon;
				ASSETCATALOG_COMPILER_GLOBAL_ACCENT_COLOR_NAME = AccentColor;
				CLANG_ENABLE_MODULES = YES;
				CODE_SIGN_STYLE = Automatic;
				CURRENT_PROJECT_VERSION = 1;
				DEVELOPMENT_ASSET_PATHS = "\"SecondHand/Preview Content\"";
				DEVELOPMENT_TEAM = 2P4CP47H76;
				ENABLE_PREVIEWS = YES;
				GENERATE_INFOPLIST_FILE = YES;
				INFOPLIST_FILE = SecondHand/Info.plist;
				INFOPLIST_KEY_CFBundleDisplayName = "Second Hand";
				INFOPLIST_KEY_NSLocationAlwaysAndWhenInUseUsageDescription = "SecondHand runs in background to keep the time changing. Usually iOS kills such apps after a period of time. But Cowabunga tricks iOS by requesting location data thus allowiing much longer sessions. Data is never stored anywhere, only fetched.";
				INFOPLIST_KEY_NSLocationUsageDescription = "SecondHand runs in background to keep the time changing. Usually iOS kills such apps after a period of time. But Cowabunga tricks iOS by requesting location data thus allowiing much longer sessions. Data is never stored anywhere, only fetched.";
				INFOPLIST_KEY_UIApplicationSceneManifest_Generation = YES;
				INFOPLIST_KEY_UIApplicationSupportsIndirectInputEvents = YES;
				INFOPLIST_KEY_UILaunchScreen_Generation = YES;
				INFOPLIST_KEY_UISupportedInterfaceOrientations = UIInterfaceOrientationPortrait;
				INFOPLIST_KEY_UISupportedInterfaceOrientations_iPad = "UIInterfaceOrientationLandscapeLeft UIInterfaceOrientationLandscapeRight UIInterfaceOrientationPortrait UIInterfaceOrientationPortraitUpsideDown";
				IPHONEOS_DEPLOYMENT_TARGET = 14.0;
				LD_RUNPATH_SEARCH_PATHS = (
					"$(inherited)",
					"@executable_path/Frameworks",
				);
				MARKETING_VERSION = 1.1;
				PRODUCT_BUNDLE_IDENTIFIER = com.leemin.SecondHand;
				PRODUCT_NAME = "$(TARGET_NAME)";
				SUPPORTED_PLATFORMS = "iphoneos iphonesimulator";
				SUPPORTS_MACCATALYST = NO;
				SUPPORTS_MAC_DESIGNED_FOR_IPHONE_IPAD = NO;
				SWIFT_EMIT_LOC_STRINGS = YES;
				SWIFT_OBJC_BRIDGING_HEADER = "SecondHand/SecondHand-Bridging-Header.h";
				SWIFT_OPTIMIZATION_LEVEL = "-Onone";
				SWIFT_VERSION = 5.0;
				TARGETED_DEVICE_FAMILY = "1,2";
			};
			name = Debug;
		};
		6F24807629B1A0B100F2DAA2 /* Release */ = {
			isa = XCBuildConfiguration;
			buildSettings = {
				ASSETCATALOG_COMPILER_APPICON_NAME = AppIcon;
				ASSETCATALOG_COMPILER_GLOBAL_ACCENT_COLOR_NAME = AccentColor;
				CLANG_ENABLE_MODULES = YES;
				CODE_SIGN_STYLE = Automatic;
				CURRENT_PROJECT_VERSION = 1;
				DEVELOPMENT_ASSET_PATHS = "\"SecondHand/Preview Content\"";
				DEVELOPMENT_TEAM = 2P4CP47H76;
				ENABLE_PREVIEWS = YES;
				GENERATE_INFOPLIST_FILE = YES;
				INFOPLIST_FILE = SecondHand/Info.plist;
				INFOPLIST_KEY_CFBundleDisplayName = "Second Hand";
				INFOPLIST_KEY_NSLocationAlwaysAndWhenInUseUsageDescription = "SecondHand runs in background to keep the time changing. Usually iOS kills such apps after a period of time. But Cowabunga tricks iOS by requesting location data thus allowiing much longer sessions. Data is never stored anywhere, only fetched.";
				INFOPLIST_KEY_NSLocationUsageDescription = "SecondHand runs in background to keep the time changing. Usually iOS kills such apps after a period of time. But Cowabunga tricks iOS by requesting location data thus allowiing much longer sessions. Data is never stored anywhere, only fetched.";
				INFOPLIST_KEY_UIApplicationSceneManifest_Generation = YES;
				INFOPLIST_KEY_UIApplicationSupportsIndirectInputEvents = YES;
				INFOPLIST_KEY_UILaunchScreen_Generation = YES;
				INFOPLIST_KEY_UISupportedInterfaceOrientations = UIInterfaceOrientationPortrait;
				INFOPLIST_KEY_UISupportedInterfaceOrientations_iPad = "UIInterfaceOrientationLandscapeLeft UIInterfaceOrientationLandscapeRight UIInterfaceOrientationPortrait UIInterfaceOrientationPortraitUpsideDown";
				IPHONEOS_DEPLOYMENT_TARGET = 14.0;
				LD_RUNPATH_SEARCH_PATHS = (
					"$(inherited)",
					"@executable_path/Frameworks",
				);
				MARKETING_VERSION = 1.1;
				PRODUCT_BUNDLE_IDENTIFIER = com.leemin.SecondHand;
				PRODUCT_NAME = "$(TARGET_NAME)";
				SUPPORTED_PLATFORMS = "iphoneos iphonesimulator";
				SUPPORTS_MACCATALYST = NO;
				SUPPORTS_MAC_DESIGNED_FOR_IPHONE_IPAD = NO;
				SWIFT_EMIT_LOC_STRINGS = YES;
				SWIFT_OBJC_BRIDGING_HEADER = "SecondHand/SecondHand-Bridging-Header.h";
				SWIFT_VERSION = 5.0;
				TARGETED_DEVICE_FAMILY = "1,2";
			};
			name = Release;
		};
/* End XCBuildConfiguration section */

/* Begin XCConfigurationList section */
		6F24806129B1A0B000F2DAA2 /* Build configuration list for PBXProject "SecondHand" */ = {
			isa = XCConfigurationList;
			buildConfigurations = (
				6F24807229B1A0B100F2DAA2 /* Debug */,
				6F24807329B1A0B100F2DAA2 /* Release */,
			);
			defaultConfigurationIsVisible = 0;
			defaultConfigurationName = Release;
		};
		6F24807429B1A0B100F2DAA2 /* Build configuration list for PBXNativeTarget "SecondHand" */ = {
			isa = XCConfigurationList;
			buildConfigurations = (
				6F24807529B1A0B100F2DAA2 /* Debug */,
				6F24807629B1A0B100F2DAA2 /* Release */,
			);
			defaultConfigurationIsVisible = 0;
			defaultConfigurationName = Release;
		};
/* End XCConfigurationList section */
	};
	rootObject = 6F24805E29B1A0B000F2DAA2 /* Project object */;
}
